
Microsoft Visual Studio Solution File, Format Version 12.00
# Visual Studio 15
VisualStudioVersion = 15.0.27004.2008
MinimumVisualStudioVersion = 10.0.40219.1
Project("{FAE04EC0-301F-11D3-BF4B-00C04F79EFBC}") = "ElevenNote.Web", "ElevenNote.Web\ElevenNote.Web.csproj", "{3F3F0D5C-131D-449E-8D4F-8A496C632D19}"
EndProject
Project("{FAE04EC0-301F-11D3-BF4B-00C04F79EFBC}") = "ElevenNote.Data", "ElevenNote.Data\ElevenNote.Data.csproj", "{ED674ACD-81B8-4762-B760-86939DB0ABD2}"
EndProject
Project("{FAE04EC0-301F-11D3-BF4B-00C04F79EFBC}") = "ElevenNote.Services", "ElevenNote.Services\ElevenNote.Services.csproj", "{220285AB-7E8D-49BB-88EB-1BE7D6530FCB}"
EndProject
Project("{FAE04EC0-301F-11D3-BF4B-00C04F79EFBC}") = "ElevenNote.Models", "ElevenNote.Models\ElevenNote.Models.csproj", "{3AC5999D-A28E-448F-8C66-A2F43FB067F4}"
EndProject
Global
	GlobalSection(SolutionConfigurationPlatforms) = preSolution
		Debug|Any CPU = Debug|Any CPU
		Release|Any CPU = Release|Any CPU
	EndGlobalSection
	GlobalSection(ProjectConfigurationPlatforms) = postSolution
		{3F3F0D5C-131D-449E-8D4F-8A496C632D19}.Debug|Any CPU.ActiveCfg = Debug|Any CPU
		{3F3F0D5C-131D-449E-8D4F-8A496C632D19}.Debug|Any CPU.Build.0 = Debug|Any CPU
		{3F3F0D5C-131D-449E-8D4F-8A496C632D19}.Release|Any CPU.ActiveCfg = Release|Any CPU
		{3F3F0D5C-131D-449E-8D4F-8A496C632D19}.Release|Any CPU.Build.0 = Release|Any CPU
		{ED674ACD-81B8-4762-B760-86939DB0ABD2}.Debug|Any CPU.ActiveCfg = Debug|Any CPU
		{ED674ACD-81B8-4762-B760-86939DB0ABD2}.Debug|Any CPU.Build.0 = Debug|Any CPU
		{ED674ACD-81B8-4762-B760-86939DB0ABD2}.Release|Any CPU.ActiveCfg = Release|Any CPU
		{ED674ACD-81B8-4762-B760-86939DB0ABD2}.Release|Any CPU.Build.0 = Release|Any CPU
		{220285AB-7E8D-49BB-88EB-1BE7D6530FCB}.Debug|Any CPU.ActiveCfg = Debug|Any CPU
		{220285AB-7E8D-49BB-88EB-1BE7D6530FCB}.Debug|Any CPU.Build.0 = Debug|Any CPU
		{220285AB-7E8D-49BB-88EB-1BE7D6530FCB}.Release|Any CPU.ActiveCfg = Release|Any CPU
		{220285AB-7E8D-49BB-88EB-1BE7D6530FCB}.Release|Any CPU.Build.0 = Release|Any CPU
		{3AC5999D-A28E-448F-8C66-A2F43FB067F4}.Debug|Any CPU.ActiveCfg = Debug|Any CPU
		{3AC5999D-A28E-448F-8C66-A2F43FB067F4}.Debug|Any CPU.Build.0 = Debug|Any CPU
		{3AC5999D-A28E-448F-8C66-A2F43FB067F4}.Release|Any CPU.ActiveCfg = Release|Any CPU
		{3AC5999D-A28E-448F-8C66-A2F43FB067F4}.Release|Any CPU.Build.0 = Release|Any CPU
	EndGlobalSection
	GlobalSection(SolutionProperties) = preSolution
		HideSolutionNode = FALSE
	EndGlobalSection
	GlobalSection(ExtensibilityGlobals) = postSolution
		SolutionGuid = {70BD4770-4E15-4EFA-B063-7D6135AD953C}
	EndGlobalSection
EndGlobal
